
Microsoft Visual Studio Solution File, Format Version 12.00
# Visual Studio Version 17
VisualStudioVersion = 17.4.33213.308
MinimumVisualStudioVersion = 10.0.40219.1
Project("{FAE04EC0-301F-11D3-BF4B-00C04F79EFBC}") = "ValidParentheses", "ValidParentheses\ValidParentheses.csproj", "{854E7E19-D1AE-4C8B-B7EC-DCC5CA580D1B}"
EndProject
Global
	GlobalSection(SolutionConfigurationPlatforms) = preSolution
		Debug|Any CPU = Debug|Any CPU
		Release|Any CPU = Release|Any CPU
	EndGlobalSection
	GlobalSection(ProjectConfigurationPlatforms) = postSolution
		{854E7E19-D1AE-4C8B-B7EC-DCC5CA580D1B}.Debug|Any CPU.ActiveCfg = Debug|Any CPU
		{854E7E19-D1AE-4C8B-B7EC-DCC5CA580D1B}.Debug|Any CPU.Build.0 = Debug|Any CPU
		{854E7E19-D1AE-4C8B-B7EC-DCC5CA580D1B}.Release|Any CPU.ActiveCfg = Release|Any CPU
		{854E7E19-D1AE-4C8B-B7EC-DCC5CA580D1B}.Release|Any CPU.Build.0 = Release|Any CPU
	EndGlobalSection
	GlobalSection(SolutionProperties) = preSolution
		HideSolutionNode = FALSE
	EndGlobalSection
	GlobalSection(ExtensibilityGlobals) = postSolution
		SolutionGuid = {DD8AA7A7-371D-4C51-9759-0E2509084D3E}
	EndGlobalSection
EndGlobal
